
Microsoft Visual Studio Solution File, Format Version 12.00
# Visual Studio Version 17
VisualStudioVersion = 17.5.002.0
MinimumVisualStudioVersion = 10.0.40219.1
Project("{9A19103F-16F7-4668-BE54-9A1E7A4F7556}") = "mongoAuth", "mongoAuth.csproj", "{8B423D39-570E-4F86-88D1-50DDF88F65A6}"
EndProject
Global
	GlobalSection(SolutionConfigurationPlatforms) = preSolution
		Debug|Any CPU = Debug|Any CPU
		Release|Any CPU = Release|Any CPU
	EndGlobalSection
	GlobalSection(ProjectConfigurationPlatforms) = postSolution
		{8B423D39-570E-4F86-88D1-50DDF88F65A6}.Debug|Any CPU.ActiveCfg = Debug|Any CPU
		{8B423D39-570E-4F86-88D1-50DDF88F65A6}.Debug|Any CPU.Build.0 = Debug|Any CPU
		{8B423D39-570E-4F86-88D1-50DDF88F65A6}.Release|Any CPU.ActiveCfg = Release|Any CPU
		{8B423D39-570E-4F86-88D1-50DDF88F65A6}.Release|Any CPU.Build.0 = Release|Any CPU
	EndGlobalSection
	GlobalSection(SolutionProperties) = preSolution
		HideSolutionNode = FALSE
	EndGlobalSection
	GlobalSection(ExtensibilityGlobals) = postSolution
		SolutionGuid = {DB26D0F4-6F45-4B28-8789-331FABC34698}
	EndGlobalSection
EndGlobal
